// !$*UTF8*$!
{
	archiveVersion = 1;
	classes = {
	};
	objectVersion = 55;
	objects = {

/* Begin PBXBuildFile section */
		D209107828CE740C000F560E /* sound-effects-library-laser-gun.mp3 in Resources */ = {isa = PBXBuildFile; fileRef = D209107728CE740C000F560E /* sound-effects-library-laser-gun.mp3 */; };
		D209107A28CE742C000F560E /* mixkit-arcade-chiptune-explosion-1691.wav in Resources */ = {isa = PBXBuildFile; fileRef = D209107928CE742C000F560E /* mixkit-arcade-chiptune-explosion-1691.wav */; };
		D209107C28CF5EC9000F560E /* electrode-115161.mp3 in Resources */ = {isa = PBXBuildFile; fileRef = D209107B28CF5EC9000F560E /* electrode-115161.mp3 */; };
		D23CA13328CC0C5F003D19C0 /* AppDelegate.swift in Sources */ = {isa = PBXBuildFile; fileRef = D23CA13228CC0C5F003D19C0 /* AppDelegate.swift */; };
		D23CA13528CC0C5F003D19C0 /* GameScene.sks in Resources */ = {isa = PBXBuildFile; fileRef = D23CA13428CC0C5F003D19C0 /* GameScene.sks */; };
		D23CA13728CC0C5F003D19C0 /* Actions.sks in Resources */ = {isa = PBXBuildFile; fileRef = D23CA13628CC0C5F003D19C0 /* Actions.sks */; };
		D23CA13928CC0C5F003D19C0 /* GameScene.swift in Sources */ = {isa = PBXBuildFile; fileRef = D23CA13828CC0C5F003D19C0 /* GameScene.swift */; };
		D23CA13B28CC0C5F003D19C0 /* GameViewController.swift in Sources */ = {isa = PBXBuildFile; fileRef = D23CA13A28CC0C5F003D19C0 /* GameViewController.swift */; };
		D23CA13E28CC0C5F003D19C0 /* Main.storyboard in Resources */ = {isa = PBXBuildFile; fileRef = D23CA13C28CC0C5F003D19C0 /* Main.storyboard */; };
		D23CA14028CC0C60003D19C0 /* Assets.xcassets in Resources */ = {isa = PBXBuildFile; fileRef = D23CA13F28CC0C60003D19C0 /* Assets.xcassets */; };
		D23CA14328CC0C60003D19C0 /* LaunchScreen.storyboard in Resources */ = {isa = PBXBuildFile; fileRef = D23CA14128CC0C60003D19C0 /* LaunchScreen.storyboard */; };
		D23CA14A28CC1562003D19C0 /* explosion.sks in Resources */ = {isa = PBXBuildFile; fileRef = D23CA14928CC1562003D19C0 /* explosion.sks */; };
		D23CA14C28CC184A003D19C0 /* space.sks in Resources */ = {isa = PBXBuildFile; fileRef = D23CA14B28CC184A003D19C0 /* space.sks */; };
/* End PBXBuildFile section */

/* Begin PBXFileReference section */
		D209107728CE740C000F560E /* sound-effects-library-laser-gun.mp3 */ = {isa = PBXFileReference; lastKnownFileType = audio.mp3; name = "sound-effects-library-laser-gun.mp3"; path = "../../../../Downloads/sound-effects-library-laser-gun.mp3"; sourceTree = "<group>"; };
		D209107928CE742C000F560E /* mixkit-arcade-chiptune-explosion-1691.wav */ = {isa = PBXFileReference; lastKnownFileType = audio.wav; path = "mixkit-arcade-chiptune-explosion-1691.wav"; sourceTree = "<group>"; };
		D209107B28CF5EC9000F560E /* electrode-115161.mp3 */ = {isa = PBXFileReference; lastKnownFileType = audio.mp3; path = "electrode-115161.mp3"; sourceTree = "<group>"; };
		D23CA12F28CC0C5F003D19C0 /* First_Game.app */ = {isa = PBXFileReference; explicitFileType = wrapper.application; includeInIndex = 0; path = First_Game.app; sourceTree = BUILT_PRODUCTS_DIR; };
		D23CA13228CC0C5F003D19C0 /* AppDelegate.swift */ = {isa = PBXFileReference; lastKnownFileType = sourcecode.swift; path = AppDelegate.swift; sourceTree = "<group>"; };
		D23CA13428CC0C5F003D19C0 /* GameScene.sks */ = {isa = PBXFileReference; lastKnownFileType = file.sks; path = GameScene.sks; sourceTree = "<group>"; };
		D23CA13628CC0C5F003D19C0 /* Actions.sks */ = {isa = PBXFileReference; lastKnownFileType = file.sks; path = Actions.sks; sourceTree = "<group>"; };
		D23CA13828CC0C5F003D19C0 /* GameScene.swift */ = {isa = PBXFileReference; lastKnownFileType = sourcecode.swift; path = GameScene.swift; sourceTree = "<group>"; };
		D23CA13A28CC0C5F003D19C0 /* GameViewController.swift */ = {isa = PBXFileReference; lastKnownFileType = sourcecode.swift; path = GameViewController.swift; sourceTree = "<group>"; };
		D23CA13D28CC0C5F003D19C0 /* Base */ = {isa = PBXFileReference; lastKnownFileType = file.storyboard; name = Base; path = Base.lproj/Main.storyboard; sourceTree = "<group>"; };
		D23CA13F28CC0C60003D19C0 /* Assets.xcassets */ = {isa = PBXFileReference; lastKnownFileType = folder.assetcatalog; path = Assets.xcassets; sourceTree = "<group>"; };
		D23CA14228CC0C60003D19C0 /* Base */ = {isa = PBXFileReference; lastKnownFileType = file.storyboard; name = Base; path = Base.lproj/LaunchScreen.storyboard; sourceTree = "<group>"; };
		D23CA14928CC1562003D19C0 /* explosion.sks */ = {isa = PBXFileReference; lastKnownFileType = file.sks; path = explosion.sks; sourceTree = "<group>"; };
		D23CA14B28CC184A003D19C0 /* space.sks */ = {isa = PBXFileReference; lastKnownFileType = file.sks; path = space.sks; sourceTree = "<group>"; };
/* End PBXFileReference section */

/* Begin PBXFrameworksBuildPhase section */
		D23CA12C28CC0C5F003D19C0 /* Frameworks */ = {
			isa = PBXFrameworksBuildPhase;
			buildActionMask = 2147483647;
			files = (
			);
			runOnlyForDeploymentPostprocessing = 0;
		};
/* End PBXFrameworksBuildPhase section */

/* Begin PBXGroup section */
		D23CA12628CC0C5F003D19C0 = {
			isa = PBXGroup;
			children = (
				D23CA13128CC0C5F003D19C0 /* First_Game */,
				D23CA13028CC0C5F003D19C0 /* Products */,
			);
			sourceTree = "<group>";
		};
		D23CA13028CC0C5F003D19C0 /* Products */ = {
			isa = PBXGroup;
			children = (
				D23CA12F28CC0C5F003D19C0 /* First_Game.app */,
			);
			name = Products;
			sourceTree = "<group>";
		};
		D23CA13128CC0C5F003D19C0 /* First_Game */ = {
			isa = PBXGroup;
			children = (
				D23CA13228CC0C5F003D19C0 /* AppDelegate.swift */,
				D23CA13428CC0C5F003D19C0 /* GameScene.sks */,
				D23CA13628CC0C5F003D19C0 /* Actions.sks */,
				D23CA13828CC0C5F003D19C0 /* GameScene.swift */,
				D209107B28CF5EC9000F560E /* electrode-115161.mp3 */,
				D209107728CE740C000F560E /* sound-effects-library-laser-gun.mp3 */,
				D209107928CE742C000F560E /* mixkit-arcade-chiptune-explosion-1691.wav */,
				D23CA14928CC1562003D19C0 /* explosion.sks */,
				D23CA14B28CC184A003D19C0 /* space.sks */,
				D23CA13A28CC0C5F003D19C0 /* GameViewController.swift */,
				D23CA13C28CC0C5F003D19C0 /* Main.storyboard */,
				D23CA13F28CC0C60003D19C0 /* Assets.xcassets */,
				D23CA14128CC0C60003D19C0 /* LaunchScreen.storyboard */,
			);
			path = First_Game;
			sourceTree = "<group>";
		};
/* End PBXGroup section */

/* Begin PBXNativeTarget section */
		D23CA12E28CC0C5F003D19C0 /* First_Game */ = {
			isa = PBXNativeTarget;
			buildConfigurationList = D23CA14628CC0C60003D19C0 /* Build configuration list for PBXNativeTarget "First_Game" */;
			buildPhases = (
				D23CA12B28CC0C5F003D19C0 /* Sources */,
				D23CA12C28CC0C5F003D19C0 /* Frameworks */,
				D23CA12D28CC0C5F003D19C0 /* Resources */,
			);
			buildRules = (
			);
			dependencies = (
			);
			name = First_Game;
			productName = First_Game;
			productReference = D23CA12F28CC0C5F003D19C0 /* First_Game.app */;
			productType = "com.apple.product-type.application";
		};
/* End PBXNativeTarget section */

/* Begin PBXProject section */
		D23CA12728CC0C5F003D19C0 /* Project object */ = {
			isa = PBXProject;
			attributes = {
				BuildIndependentTargetsInParallel = 1;
				LastSwiftUpdateCheck = 1340;
				LastUpgradeCheck = 1340;
				TargetAttributes = {
					D23CA12E28CC0C5F003D19C0 = {
						CreatedOnToolsVersion = 13.4.1;
					};
				};
			};
			buildConfigurationList = D23CA12A28CC0C5F003D19C0 /* Build configuration list for PBXProject "First_Game" */;
			compatibilityVersion = "Xcode 13.0";
			developmentRegion = en;
			hasScannedForEncodings = 0;
			knownRegions = (
				en,
				Base,
			);
			mainGroup = D23CA12628CC0C5F003D19C0;
			productRefGroup = D23CA13028CC0C5F003D19C0 /* Products */;
			projectDirPath = "";
			projectRoot = "";
			targets = (
				D23CA12E28CC0C5F003D19C0 /* First_Game */,
			);
		};
/* End PBXProject section */

/* Begin PBXResourcesBuildPhase section */
		D23CA12D28CC0C5F003D19C0 /* Resources */ = {
			isa = PBXResourcesBuildPhase;
			buildActionMask = 2147483647;
			files = (
				D23CA13E28CC0C5F003D19C0 /* Main.storyboard in Resources */,
				D23CA13528CC0C5F003D19C0 /* GameScene.sks in Resources */,
				D23CA14028CC0C60003D19C0 /* Assets.xcassets in Resources */,
				D209107A28CE742C000F560E /* mixkit-arcade-chiptune-explosion-1691.wav in Resources */,
				D23CA14A28CC1562003D19C0 /* explosion.sks in Resources */,
				D209107828CE740C000F560E /* sound-effects-library-laser-gun.mp3 in Resources */,
				D23CA14328CC0C60003D19C0 /* LaunchScreen.storyboard in Resources */,
				D23CA13728CC0C5F003D19C0 /* Actions.sks in Resources */,
				D23CA14C28CC184A003D19C0 /* space.sks in Resources */,
				D209107C28CF5EC9000F560E /* electrode-115161.mp3 in Resources */,
			);
			runOnlyForDeploymentPostprocessing = 0;
		};
/* End PBXResourcesBuildPhase section */

/* Begin PBXSourcesBuildPhase section */
		D23CA12B28CC0C5F003D19C0 /* Sources */ = {
			isa = PBXSourcesBuildPhase;
			buildActionMask = 2147483647;
			files = (
				D23CA13928CC0C5F003D19C0 /* GameScene.swift in Sources */,
				D23CA13B28CC0C5F003D19C0 /* GameViewController.swift in Sources */,
				D23CA13328CC0C5F003D19C0 /* AppDelegate.swift in Sources */,
			);
			runOnlyForDeploymentPostprocessing = 0;
		};
/* End PBXSourcesBuildPhase section */

/* Begin PBXVariantGroup section */
		D23CA13C28CC0C5F003D19C0 /* Main.storyboard */ = {
			isa = PBXVariantGroup;
			children = (
				D23CA13D28CC0C5F003D19C0 /* Base */,
			);
			name = Main.storyboard;
			sourceTree = "<group>";
		};
		D23CA14128CC0C60003D19C0 /* LaunchScreen.storyboard */ = {
			isa = PBXVariantGroup;
			children = (
				D23CA14228CC0C60003D19C0 /* Base */,
			);
			name = LaunchScreen.storyboard;
			sourceTree = "<group>";
		};
/* End PBXVariantGroup section */

/* Begin XCBuildConfiguration section */
		D23CA14428CC0C60003D19C0 /* Debug */ = {
			isa = XCBuildConfiguration;
			buildSettings = {
				ALWAYS_SEARCH_USER_PATHS = NO;
				CLANG_ANALYZER_NONNULL = YES;
				CLANG_ANALYZER_NUMBER_OBJECT_CONVERSION = YES_AGGRESSIVE;
				CLANG_CXX_LANGUAGE_STANDARD = "gnu++17";
				CLANG_ENABLE_MODULES = YES;
				CLANG_ENABLE_OBJC_ARC = YES;
				CLANG_ENABLE_OBJC_WEAK = YES;
				CLANG_WARN_BLOCK_CAPTURE_AUTORELEASING = YES;
				CLANG_WARN_BOOL_CONVERSION = YES;
				CLANG_WARN_COMMA = YES;
				CLANG_WARN_CONSTANT_CONVERSION = YES;
				CLANG_WARN_DEPRECATED_OBJC_IMPLEMENTATIONS = YES;
				CLANG_WARN_DIRECT_OBJC_ISA_USAGE = YES_ERROR;
				CLANG_WARN_DOCUMENTATION_COMMENTS = YES;
				CLANG_WARN_EMPTY_BODY = YES;
				CLANG_WARN_ENUM_CONVERSION = YES;
				CLANG_WARN_INFINITE_RECURSION = YES;
				CLANG_WARN_INT_CONVERSION = YES;
				CLANG_WARN_NON_LITERAL_NULL_CONVERSION = YES;
				CLANG_WARN_OBJC_IMPLICIT_RETAIN_SELF = YES;
				CLANG_WARN_OBJC_LITERAL_CONVERSION = YES;
				CLANG_WARN_OBJC_ROOT_CLASS = YES_ERROR;
				CLANG_WARN_QUOTED_INCLUDE_IN_FRAMEWORK_HEADER = YES;
				CLANG_WARN_RANGE_LOOP_ANALYSIS = YES;
				CLANG_WARN_STRICT_PROTOTYPES = YES;
				CLANG_WARN_SUSPICIOUS_MOVE = YES;
				CLANG_WARN_UNGUARDED_AVAILABILITY = YES_AGGRESSIVE;
				CLANG_WARN_UNREACHABLE_CODE = YES;
				CLANG_WARN__DUPLICATE_METHOD_MATCH = YES;
				COPY_PHASE_STRIP = NO;
				DEBUG_INFORMATION_FORMAT = dwarf;
				ENABLE_STRICT_OBJC_MSGSEND = YES;
				ENABLE_TESTABILITY = YES;
				GCC_C_LANGUAGE_STANDARD = gnu11;
				GCC_DYNAMIC_NO_PIC = NO;
				GCC_NO_COMMON_BLOCKS = YES;
				GCC_OPTIMIZATION_LEVEL = 0;
				GCC_PREPROCESSOR_DEFINITIONS = (
					"DEBUG=1",
					"$(inherited)",
				);
				GCC_WARN_64_TO_32_BIT_CONVERSION = YES;
				GCC_WARN_ABOUT_RETURN_TYPE = YES_ERROR;
				GCC_WARN_UNDECLARED_SELECTOR = YES;
				GCC_WARN_UNINITIALIZED_AUTOS = YES_AGGRESSIVE;
				GCC_WARN_UNUSED_FUNCTION = YES;
				GCC_WARN_UNUSED_VARIABLE = YES;
				IPHONEOS_DEPLOYMENT_TARGET = 15.5;
				MTL_ENABLE_DEBUG_INFO = INCLUDE_SOURCE;
				MTL_FAST_MATH = YES;
				ONLY_ACTIVE_ARCH = YES;
				SDKROOT = iphoneos;
				SWIFT_ACTIVE_COMPILATION_CONDITIONS = DEBUG;
				SWIFT_OPTIMIZATION_LEVEL = "-Onone";
			};
			name = Debug;
		};
		D23CA14528CC0C60003D19C0 /* Release */ = {
			isa = XCBuildConfiguration;
			buildSettings = {
				ALWAYS_SEARCH_USER_PATHS = NO;
				CLANG_ANALYZER_NONNULL = YES;
				CLANG_ANALYZER_NUMBER_OBJECT_CONVERSION = YES_AGGRESSIVE;
				CLANG_CXX_LANGUAGE_STANDARD = "gnu++17";
				CLANG_ENABLE_MODULES = YES;
				CLANG_ENABLE_OBJC_ARC = YES;
				CLANG_ENABLE_OBJC_WEAK = YES;
				CLANG_WARN_BLOCK_CAPTURE_AUTORELEASING = YES;
				CLANG_WARN_BOOL_CONVERSION = YES;
				CLANG_WARN_COMMA = YES;
				CLANG_WARN_CONSTANT_CONVERSION = YES;
				CLANG_WARN_DEPRECATED_OBJC_IMPLEMENTATIONS = YES;
				CLANG_WARN_DIRECT_OBJC_ISA_USAGE = YES_ERROR;
				CLANG_WARN_DOCUMENTATION_COMMENTS = YES;
				CLANG_WARN_EMPTY_BODY = YES;
				CLANG_WARN_ENUM_CONVERSION = YES;
				CLANG_WARN_INFINITE_RECURSION = YES;
				CLANG_WARN_INT_CONVERSION = YES;
				CLANG_WARN_NON_LITERAL_NULL_CONVERSION = YES;
				CLANG_WARN_OBJC_IMPLICIT_RETAIN_SELF = YES;
				CLANG_WARN_OBJC_LITERAL_CONVERSION = YES;
				CLANG_WARN_OBJC_ROOT_CLASS = YES_ERROR;
				CLANG_WARN_QUOTED_INCLUDE_IN_FRAMEWORK_HEADER = YES;
				CLANG_WARN_RANGE_LOOP_ANALYSIS = YES;
				CLANG_WARN_STRICT_PROTOTYPES = YES;
				CLANG_WARN_SUSPICIOUS_MOVE = YES;
				CLANG_WARN_UNGUARDED_AVAILABILITY = YES_AGGRESSIVE;
				CLANG_WARN_UNREACHABLE_CODE = YES;
				CLANG_WARN__DUPLICATE_METHOD_MATCH = YES;
				COPY_PHASE_STRIP = NO;
				DEBUG_INFORMATION_FORMAT = "dwarf-with-dsym";
				ENABLE_NS_ASSERTIONS = NO;
				ENABLE_STRICT_OBJC_MSGSEND = YES;
				GCC_C_LANGUAGE_STANDARD = gnu11;
				GCC_NO_COMMON_BLOCKS = YES;
				GCC_WARN_64_TO_32_BIT_CONVERSION = YES;
				GCC_WARN_ABOUT_RETURN_TYPE = YES_ERROR;
				GCC_WARN_UNDECLARED_SELECTOR = YES;
				GCC_WARN_UNINITIALIZED_AUTOS = YES_AGGRESSIVE;
				GCC_WARN_UNUSED_FUNCTION = YES;
				GCC_WARN_UNUSED_VARIABLE = YES;
				IPHONEOS_DEPLOYMENT_TARGET = 15.5;
				MTL_ENABLE_DEBUG_INFO = NO;
				MTL_FAST_MATH = YES;
				SDKROOT = iphoneos;
				SWIFT_COMPILATION_MODE = wholemodule;
				SWIFT_OPTIMIZATION_LEVEL = "-O";
				VALIDATE_PRODUCT = YES;
			};
			name = Release;
		};
		D23CA14728CC0C60003D19C0 /* Debug */ = {
			isa = XCBuildConfiguration;
			buildSettings = {
				ASSETCATALOG_COMPILER_APPICON_NAME = AppIcon;
				ASSETCATALOG_COMPILER_GLOBAL_ACCENT_COLOR_NAME = AccentColor;
				CODE_SIGN_STYLE = Automatic;
				CURRENT_PROJECT_VERSION = 1;
				DEVELOPMENT_TEAM = N6URCNXM8Z;
				GENERATE_INFOPLIST_FILE = YES;
				INFOPLIST_KEY_UIApplicationSupportsIndirectInputEvents = YES;
				INFOPLIST_KEY_UILaunchStoryboardName = LaunchScreen;
				INFOPLIST_KEY_UIMainStoryboardFile = Main;
				INFOPLIST_KEY_UIStatusBarHidden = YES;
				INFOPLIST_KEY_UISupportedInterfaceOrientations_iPad = "UIInterfaceOrientationPortrait UIInterfaceOrientationPortraitUpsideDown UIInterfaceOrientationLandscapeLeft UIInterfaceOrientationLandscapeRight";
				INFOPLIST_KEY_UISupportedInterfaceOrientations_iPhone = "UIInterfaceOrientationPortrait UIInterfaceOrientationLandscapeLeft UIInterfaceOrientationLandscapeRight";
				LD_RUNPATH_SEARCH_PATHS = (
					"$(inherited)",
					"@executable_path/Frameworks",
				);
				MARKETING_VERSION = 1.0;
				PRODUCT_BUNDLE_IDENTIFIER = "clc.roy.First-Game";
				PRODUCT_NAME = "$(TARGET_NAME)";
				SWIFT_EMIT_LOC_STRINGS = YES;
				SWIFT_VERSION = 5.0;
				TARGETED_DEVICE_FAMILY = "1,2";
			};
			name = Debug;
		};
		D23CA14828CC0C60003D19C0 /* Release */ = {
			isa = XCBuildConfiguration;
			buildSettings = {
				ASSETCATALOG_COMPILER_APPICON_NAME = AppIcon;
				ASSETCATALOG_COMPILER_GLOBAL_ACCENT_COLOR_NAME = AccentColor;
				CODE_SIGN_STYLE = Automatic;
				CURRENT_PROJECT_VERSION = 1;
				DEVELOPMENT_TEAM = N6URCNXM8Z;
				GENERATE_INFOPLIST_FILE = YES;
				INFOPLIST_KEY_UIApplicationSupportsIndirectInputEvents = YES;
				INFOPLIST_KEY_UILaunchStoryboardName = LaunchScreen;
				INFOPLIST_KEY_UIMainStoryboardFile = Main;
				INFOPLIST_KEY_UIStatusBarHidden = YES;
				INFOPLIST_KEY_UISupportedInterfaceOrientations_iPad = "UIInterfaceOrientationPortrait UIInterfaceOrientationPortraitUpsideDown UIInterfaceOrientationLandscapeLeft UIInterfaceOrientationLandscapeRight";
				INFOPLIST_KEY_UISupportedInterfaceOrientations_iPhone = "UIInterfaceOrientationPortrait UIInterfaceOrientationLandscapeLeft UIInterfaceOrientationLandscapeRight";
				LD_RUNPATH_SEARCH_PATHS = (
					"$(inherited)",
					"@executable_path/Frameworks",
				);
				MARKETING_VERSION = 1.0;
				PRODUCT_BUNDLE_IDENTIFIER = "clc.roy.First-Game";
				PRODUCT_NAME = "$(TARGET_NAME)";
				SWIFT_EMIT_LOC_STRINGS = YES;
				SWIFT_VERSION = 5.0;
				TARGETED_DEVICE_FAMILY = "1,2";
			};
			name = Release;
		};
/* End XCBuildConfiguration section */

/* Begin XCConfigurationList section */
		D23CA12A28CC0C5F003D19C0 /* Build configuration list for PBXProject "First_Game" */ = {
			isa = XCConfigurationList;
			buildConfigurations = (
				D23CA14428CC0C60003D19C0 /* Debug */,
				D23CA14528CC0C60003D19C0 /* Release */,
			);
			defaultConfigurationIsVisible = 0;
			defaultConfigurationName = Release;
		};
		D23CA14628CC0C60003D19C0 /* Build configuration list for PBXNativeTarget "First_Game" */ = {
			isa = XCConfigurationList;
			buildConfigurations = (
				D23CA14728CC0C60003D19C0 /* Debug */,
				D23CA14828CC0C60003D19C0 /* Release */,
			);
			defaultConfigurationIsVisible = 0;
			defaultConfigurationName = Release;
		};
/* End XCConfigurationList section */
	};
	rootObject = D23CA12728CC0C5F003D19C0 /* Project object */;
}
